
Microsoft Visual Studio Solution File, Format Version 12.00
# Visual Studio 2013
VisualStudioVersion = 12.0.31101.0
MinimumVisualStudioVersion = 10.0.40219.1
Project("{8BC9CEB8-8B4A-11D0-8D11-00A0C91BC942}") = "HCSR04_Example", "HCSR04_Example.vcxproj", "{966B7241-4231-464B-A11D-19DDB847BE4B}"
EndProject
Global
	GlobalSection(SolutionConfigurationPlatforms) = preSolution
		Debug|Win32 = Debug|Win32
		Release|Win32 = Release|Win32
	EndGlobalSection
	GlobalSection(ProjectConfigurationPlatforms) = postSolution
		{966B7241-4231-464B-A11D-19DDB847BE4B}.Debug|Win32.ActiveCfg = Debug|Win32
		{966B7241-4231-464B-A11D-19DDB847BE4B}.Debug|Win32.Build.0 = Debug|Win32
		{966B7241-4231-464B-A11D-19DDB847BE4B}.Release|Win32.ActiveCfg = Release|Win32
		{966B7241-4231-464B-A11D-19DDB847BE4B}.Release|Win32.Build.0 = Release|Win32
	EndGlobalSection
	GlobalSection(SolutionProperties) = preSolution
		HideSolutionNode = FALSE
	EndGlobalSection
EndGlobal
